Microsoft Visual Studio Solution File, Format Version 10.00
# Visual Studio 2008
Project("{FAE04EC0-301F-11D3-BF4B-00C04F79EFBC}") = "SimulatedAnnealing.5CardMatrix", "..\SimulatedAnnealing.5CardMatrix\SimulatedAnnealing.5CardMatrix.csproj", "{14D1CBAD-134A-4497-901D-A754F4302B2A}"
EndProject
Project("{2150E333-8FDC-42A3-9474-1A3956D46DE8}") = "Solution Items", "Solution Items", "{394BE3B5-9F4C-456E-AD60-D7CF4BF19E7A}"
	ProjectSection(SolutionItems) = preProject
		SimulatedAnnealing.vsmdi = SimulatedAnnealing.vsmdi
	EndProjectSection
EndProject
Project("{FAE04EC0-301F-11D3-BF4B-00C04F79EFBC}") = "Tests", "..\HandTests\Tests.csproj", "{4F9AD875-EE8B-46CD-B665-B6798D7E85B0}"
EndProject
Global
	GlobalSection(SolutionConfigurationPlatforms) = preSolution
		Debug|Any CPU = Debug|Any CPU
		Release|Any CPU = Release|Any CPU
	EndGlobalSection
	GlobalSection(ProjectConfigurationPlatforms) = postSolution
		{14D1CBAD-134A-4497-901D-A754F4302B2A}.Debug|Any CPU.ActiveCfg = Debug|Any CPU
		{14D1CBAD-134A-4497-901D-A754F4302B2A}.Debug|Any CPU.Build.0 = Debug|Any CPU
		{14D1CBAD-134A-4497-901D-A754F4302B2A}.Release|Any CPU.ActiveCfg = Release|Any CPU
		{14D1CBAD-134A-4497-901D-A754F4302B2A}.Release|Any CPU.Build.0 = Release|Any CPU
		{4F9AD875-EE8B-46CD-B665-B6798D7E85B0}.Debug|Any CPU.ActiveCfg = Debug|Any CPU
		{4F9AD875-EE8B-46CD-B665-B6798D7E85B0}.Debug|Any CPU.Build.0 = Debug|Any CPU
		{4F9AD875-EE8B-46CD-B665-B6798D7E85B0}.Release|Any CPU.ActiveCfg = Release|Any CPU
		{4F9AD875-EE8B-46CD-B665-B6798D7E85B0}.Release|Any CPU.Build.0 = Release|Any CPU
	EndGlobalSection
	GlobalSection(SolutionProperties) = preSolution
		HideSolutionNode = FALSE
	EndGlobalSection
EndGlobal
